{
  "version": 4,
  "terraform_version": "1.9.8",
  "serial": 246,
  "lineage": "1e5089cb-fd47-488d-bd4a-43f8431ba547",
  "outputs": {
    "ansible_inventory": {
      "value": "[all]\r\n\r\nmanager-vm-01 ansible_host=vm-01 ansible_user=azureuser\r\n\r\n\r\n\r\nworker-vm-02 ansible_host=vm-02 ansible_user=azureuser\r\n\r\n\r\n[kube_control_plane]\r\n\r\nmanager-vm-01\r\n\r\n\r\n[etcd]\r\n\r\nmanager-vm-01\r\n\r\n\r\n[kube_node]\r\n\r\nworker-vm-02\r\n\r\n\r\n[k8s_cluster:children]\r\nkube_control_plane\r\nkube_node",
      "type": "string",
      "sensitive": true
    }
  },
  "resources": [
    {
      "module": "module.azure_public_ip_1",
      "mode": "managed",
      "type": "azurerm_public_ip",
      "name": "app_public_ip",
      "provider": "provider[\"registry.terraform.io/hashicorp/azurerm\"]",
      "instances": [
        {
          "schema_version": 0,
          "attributes": {
            "allocation_method": "Static",
            "ddos_protection_mode": "VirtualNetworkInherited",
            "ddos_protection_plan_id": null,
            "domain_name_label": null,
            "domain_name_label_scope": null,
            "edge_zone": "",
            "fqdn": null,
            "id": "/subscriptions/ae41ecc2-573a-43fb-be0f-d18c2321e744/resourceGroups/rg_linuxhcmusdemo/providers/Microsoft.Network/publicIPAddresses/public-ip-vm1",
            "idle_timeout_in_minutes": 4,
            "ip_address": "40.126.252.171",
            "ip_tags": {},
            "ip_version": "IPv4",
            "location": "australiaeast",
            "name": "public-ip-vm1",
            "public_ip_prefix_id": null,
            "resource_group_name": "rg_linuxhcmusdemo",
            "reverse_fqdn": null,
            "sku": "Standard",
            "sku_tier": "Regional",
            "tags": {},
            "timeouts": null,
            "zones": []
          },
          "sensitive_attributes": [],
          "private": "eyJlMmJmYjczMC1lY2FhLTExZTYtOGY4OC0zNDM2M2JjN2M0YzAiOnsiY3JlYXRlIjoxODAwMDAwMDAwMDAwLCJkZWxldGUiOjE4MDAwMDAwMDAwMDAsInJlYWQiOjMwMDAwMDAwMDAwMCwidXBkYXRlIjoxODAwMDAwMDAwMDAwfX0=",
          "dependencies": [
            "module.resources_group.azurerm_resource_group.rg"
          ]
        }
      ]
    },
    {
      "module": "module.azure_public_ip_2",
      "mode": "managed",
      "type": "azurerm_public_ip",
      "name": "app_public_ip",
      "provider": "provider[\"registry.terraform.io/hashicorp/azurerm\"]",
      "instances": [
        {
          "schema_version": 0,
          "attributes": {
            "allocation_method": "Static",
            "ddos_protection_mode": "VirtualNetworkInherited",
            "ddos_protection_plan_id": null,
            "domain_name_label": null,
            "domain_name_label_scope": null,
            "edge_zone": "",
            "fqdn": null,
            "id": "/subscriptions/ae41ecc2-573a-43fb-be0f-d18c2321e744/resourceGroups/rg_linuxhcmusdemo/providers/Microsoft.Network/publicIPAddresses/public-ip-vm2",
            "idle_timeout_in_minutes": 4,
            "ip_address": "40.126.247.132",
            "ip_tags": {},
            "ip_version": "IPv4",
            "location": "australiaeast",
            "name": "public-ip-vm2",
            "public_ip_prefix_id": null,
            "resource_group_name": "rg_linuxhcmusdemo",
            "reverse_fqdn": null,
            "sku": "Standard",
            "sku_tier": "Regional",
            "tags": {},
            "timeouts": null,
            "zones": []
          },
          "sensitive_attributes": [],
          "private": "eyJlMmJmYjczMC1lY2FhLTExZTYtOGY4OC0zNDM2M2JjN2M0YzAiOnsiY3JlYXRlIjoxODAwMDAwMDAwMDAwLCJkZWxldGUiOjE4MDAwMDAwMDAwMDAsInJlYWQiOjMwMDAwMDAwMDAwMCwidXBkYXRlIjoxODAwMDAwMDAwMDAwfX0=",
          "dependencies": [
            "module.resources_group.azurerm_resource_group.rg"
          ]
        }
      ]
    },
    {
      "module": "module.azurerm_linux_virtual_machine_1",
      "mode": "managed",
      "type": "azurerm_linux_virtual_machine",
      "name": "vm",
      "provider": "provider[\"registry.terraform.io/hashicorp/azurerm\"]",
      "instances": [
        {
          "schema_version": 0,
          "attributes": {
            "additional_capabilities": [],
            "admin_password": "111111aA@",
            "admin_ssh_key": [],
            "admin_username": "adminuser",
            "allow_extension_operations": true,
            "availability_set_id": "",
            "boot_diagnostics": [],
            "bypass_platform_safety_checks_on_user_schedule_enabled": false,
            "capacity_reservation_group_id": "",
            "computer_name": "vm-01",
            "custom_data": null,
            "dedicated_host_group_id": "",
            "dedicated_host_id": "",
            "disable_password_authentication": false,
            "disk_controller_type": "",
            "edge_zone": "",
            "encryption_at_host_enabled": false,
            "eviction_policy": "",
            "extensions_time_budget": "PT1H30M",
            "gallery_application": [],
            "id": "/subscriptions/ae41ecc2-573a-43fb-be0f-d18c2321e744/resourceGroups/rg_linuxhcmusdemo/providers/Microsoft.Compute/virtualMachines/vm-01",
            "identity": [],
            "license_type": "",
            "location": "australiaeast",
            "max_bid_price": -1,
            "name": "vm-01",
            "network_interface_ids": [
              "/subscriptions/ae41ecc2-573a-43fb-be0f-d18c2321e744/resourceGroups/rg_linuxhcmusdemo/providers/Microsoft.Network/networkInterfaces/nic-1"
            ],
            "os_disk": [
              {
                "caching": "ReadWrite",
                "diff_disk_settings": [],
                "disk_encryption_set_id": "",
                "disk_size_gb": 30,
                "name": "vm-01_OsDisk_1_bd32bc79867845e89b4c4e0064a37dba",
                "secure_vm_disk_encryption_set_id": "",
                "security_encryption_type": "",
                "storage_account_type": "Standard_LRS",
                "write_accelerator_enabled": false
              }
            ],
            "os_image_notification": [],
            "patch_assessment_mode": "ImageDefault",
            "patch_mode": "ImageDefault",
            "plan": [],
            "platform_fault_domain": -1,
            "priority": "Regular",
            "private_ip_address": "10.0.1.5",
            "private_ip_addresses": [
              "10.0.1.5"
            ],
            "provision_vm_agent": true,
            "proximity_placement_group_id": "",
            "public_ip_address": "40.126.252.171",
            "public_ip_addresses": [
              "40.126.252.171"
            ],
            "reboot_setting": "",
            "resource_group_name": "rg_linuxhcmusdemo",
            "secret": [],
            "secure_boot_enabled": false,
            "size": "Standard_B4ms",
            "source_image_id": "",
            "source_image_reference": [
              {
                "offer": "0001-com-ubuntu-server-jammy",
                "publisher": "Canonical",
                "sku": "22_04-lts",
                "version": "latest"
              }
            ],
            "tags": {
              "environment": "development"
            },
            "termination_notification": null,
            "timeouts": null,
            "user_data": "",
            "virtual_machine_id": "065ea1a7-ab4f-4741-bc0a-9f6b12011a38",
            "virtual_machine_scale_set_id": "",
            "vm_agent_platform_updates_enabled": false,
            "vtpm_enabled": false,
            "zone": ""
          },
          "sensitive_attributes": [
            [
              {
                "type": "get_attr",
                "value": "custom_data"
              }
            ],
            [
              {
                "type": "get_attr",
                "value": "admin_password"
              }
            ]
          ],
          "private": "eyJlMmJmYjczMC1lY2FhLTExZTYtOGY4OC0zNDM2M2JjN2M0YzAiOnsiY3JlYXRlIjoyNzAwMDAwMDAwMDAwLCJkZWxldGUiOjI3MDAwMDAwMDAwMDAsInJlYWQiOjMwMDAwMDAwMDAwMCwidXBkYXRlIjoyNzAwMDAwMDAwMDAwfX0=",
          "dependencies": [
            "module.azure_public_ip_1.azurerm_public_ip.app_public_ip",
            "module.azurerm_network_interface_1.azurerm_network_interface.ni",
            "module.azurerm_subnet.azurerm_subnet.sub",
            "module.resources_group.azurerm_resource_group.rg",
            "module.virtual_network.azurerm_virtual_network.vmn"
          ]
        }
      ]
    },
    {
      "module": "module.azurerm_linux_virtual_machine_2",
      "mode": "managed",
      "type": "azurerm_linux_virtual_machine",
      "name": "vm",
      "provider": "provider[\"registry.terraform.io/hashicorp/azurerm\"]",
      "instances": [
        {
          "schema_version": 0,
          "attributes": {
            "additional_capabilities": [],
            "admin_password": "111111aA@",
            "admin_ssh_key": [],
            "admin_username": "adminuser",
            "allow_extension_operations": true,
            "availability_set_id": "",
            "boot_diagnostics": [],
            "bypass_platform_safety_checks_on_user_schedule_enabled": false,
            "capacity_reservation_group_id": "",
            "computer_name": "vm-02",
            "custom_data": null,
            "dedicated_host_group_id": "",
            "dedicated_host_id": "",
            "disable_password_authentication": false,
            "disk_controller_type": "",
            "edge_zone": "",
            "encryption_at_host_enabled": false,
            "eviction_policy": "",
            "extensions_time_budget": "PT1H30M",
            "gallery_application": [],
            "id": "/subscriptions/ae41ecc2-573a-43fb-be0f-d18c2321e744/resourceGroups/rg_linuxhcmusdemo/providers/Microsoft.Compute/virtualMachines/vm-02",
            "identity": [],
            "license_type": "",
            "location": "australiaeast",
            "max_bid_price": -1,
            "name": "vm-02",
            "network_interface_ids": [
              "/subscriptions/ae41ecc2-573a-43fb-be0f-d18c2321e744/resourceGroups/rg_linuxhcmusdemo/providers/Microsoft.Network/networkInterfaces/nic-2"
            ],
            "os_disk": [
              {
                "caching": "ReadWrite",
                "diff_disk_settings": [],
                "disk_encryption_set_id": "",
                "disk_size_gb": 30,
                "name": "vm-02_OsDisk_1_07fcfd8044b74813a923dd394fee7578",
                "secure_vm_disk_encryption_set_id": "",
                "security_encryption_type": "",
                "storage_account_type": "Standard_LRS",
                "write_accelerator_enabled": false
              }
            ],
            "os_image_notification": [],
            "patch_assessment_mode": "ImageDefault",
            "patch_mode": "ImageDefault",
            "plan": [],
            "platform_fault_domain": -1,
            "priority": "Regular",
            "private_ip_address": "10.0.1.4",
            "private_ip_addresses": [
              "10.0.1.4"
            ],
            "provision_vm_agent": true,
            "proximity_placement_group_id": "",
            "public_ip_address": "40.126.247.132",
            "public_ip_addresses": [
              "40.126.247.132"
            ],
            "reboot_setting": "",
            "resource_group_name": "rg_linuxhcmusdemo",
            "secret": [],
            "secure_boot_enabled": false,
            "size": "Standard_B4ms",
            "source_image_id": "",
            "source_image_reference": [
              {
                "offer": "0001-com-ubuntu-server-jammy",
                "publisher": "Canonical",
                "sku": "22_04-lts",
                "version": "latest"
              }
            ],
            "tags": {
              "environment": "development"
            },
            "termination_notification": null,
            "timeouts": null,
            "user_data": "",
            "virtual_machine_id": "9cca929d-6cf4-431b-8966-77e851f18e38",
            "virtual_machine_scale_set_id": "",
            "vm_agent_platform_updates_enabled": false,
            "vtpm_enabled": false,
            "zone": ""
          },
          "sensitive_attributes": [
            [
              {
                "type": "get_attr",
                "value": "admin_password"
              }
            ],
            [
              {
                "type": "get_attr",
                "value": "custom_data"
              }
            ]
          ],
          "private": "eyJlMmJmYjczMC1lY2FhLTExZTYtOGY4OC0zNDM2M2JjN2M0YzAiOnsiY3JlYXRlIjoyNzAwMDAwMDAwMDAwLCJkZWxldGUiOjI3MDAwMDAwMDAwMDAsInJlYWQiOjMwMDAwMDAwMDAwMCwidXBkYXRlIjoyNzAwMDAwMDAwMDAwfX0=",
          "dependencies": [
            "module.azure_public_ip_2.azurerm_public_ip.app_public_ip",
            "module.azurerm_network_interface_2.azurerm_network_interface.ni",
            "module.azurerm_subnet.azurerm_subnet.sub",
            "module.resources_group.azurerm_resource_group.rg",
            "module.virtual_network.azurerm_virtual_network.vmn"
          ]
        }
      ]
    },
    {
      "module": "module.azurerm_network_interface_1",
      "mode": "managed",
      "type": "azurerm_network_interface",
      "name": "ni",
      "provider": "provider[\"registry.terraform.io/hashicorp/azurerm\"]",
      "instances": [
        {
          "schema_version": 0,
          "attributes": {
            "accelerated_networking_enabled": false,
            "applied_dns_servers": [],
            "auxiliary_mode": "",
            "auxiliary_sku": "",
            "dns_servers": null,
            "edge_zone": "",
            "id": "/subscriptions/ae41ecc2-573a-43fb-be0f-d18c2321e744/resourceGroups/rg_linuxhcmusdemo/providers/Microsoft.Network/networkInterfaces/nic-1",
            "internal_dns_name_label": "",
            "internal_domain_name_suffix": "ka3uu2q01ahuxcns4ozu3sd3pc.px.internal.cloudapp.net",
            "ip_configuration": [
              {
                "gateway_load_balancer_frontend_ip_configuration_id": "",
                "name": "internal",
                "primary": true,
                "private_ip_address": "10.0.1.5",
                "private_ip_address_allocation": "Dynamic",
                "private_ip_address_version": "IPv4",
                "public_ip_address_id": "/subscriptions/ae41ecc2-573a-43fb-be0f-d18c2321e744/resourceGroups/rg_linuxhcmusdemo/providers/Microsoft.Network/publicIPAddresses/public-ip-vm1",
                "subnet_id": "/subscriptions/ae41ecc2-573a-43fb-be0f-d18c2321e744/resourceGroups/rg_linuxhcmusdemo/providers/Microsoft.Network/virtualNetworks/vm-vn/subnets/subnetofvm"
              }
            ],
            "ip_forwarding_enabled": false,
            "location": "australiaeast",
            "mac_address": "",
            "name": "nic-1",
            "private_ip_address": "10.0.1.5",
            "private_ip_addresses": [
              "10.0.1.5"
            ],
            "resource_group_name": "rg_linuxhcmusdemo",
            "tags": null,
            "timeouts": null,
            "virtual_machine_id": ""
          },
          "sensitive_attributes": [],
          "private": "eyJlMmJmYjczMC1lY2FhLTExZTYtOGY4OC0zNDM2M2JjN2M0YzAiOnsiY3JlYXRlIjoxODAwMDAwMDAwMDAwLCJkZWxldGUiOjE4MDAwMDAwMDAwMDAsInJlYWQiOjMwMDAwMDAwMDAwMCwidXBkYXRlIjoxODAwMDAwMDAwMDAwfX0=",
          "dependencies": [
            "module.azure_public_ip_1.azurerm_public_ip.app_public_ip",
            "module.azurerm_subnet.azurerm_subnet.sub",
            "module.resources_group.azurerm_resource_group.rg",
            "module.virtual_network.azurerm_virtual_network.vmn"
          ]
        }
      ]
    },
    {
      "module": "module.azurerm_network_interface_2",
      "mode": "managed",
      "type": "azurerm_network_interface",
      "name": "ni",
      "provider": "provider[\"registry.terraform.io/hashicorp/azurerm\"]",
      "instances": [
        {
          "schema_version": 0,
          "attributes": {
            "accelerated_networking_enabled": false,
            "applied_dns_servers": [],
            "auxiliary_mode": "",
            "auxiliary_sku": "",
            "dns_servers": null,
            "edge_zone": "",
            "id": "/subscriptions/ae41ecc2-573a-43fb-be0f-d18c2321e744/resourceGroups/rg_linuxhcmusdemo/providers/Microsoft.Network/networkInterfaces/nic-2",
            "internal_dns_name_label": "",
            "internal_domain_name_suffix": "ka3uu2q01ahuxcns4ozu3sd3pc.px.internal.cloudapp.net",
            "ip_configuration": [
              {
                "gateway_load_balancer_frontend_ip_configuration_id": "",
                "name": "internal",
                "primary": true,
                "private_ip_address": "10.0.1.4",
                "private_ip_address_allocation": "Dynamic",
                "private_ip_address_version": "IPv4",
                "public_ip_address_id": "/subscriptions/ae41ecc2-573a-43fb-be0f-d18c2321e744/resourceGroups/rg_linuxhcmusdemo/providers/Microsoft.Network/publicIPAddresses/public-ip-vm2",
                "subnet_id": "/subscriptions/ae41ecc2-573a-43fb-be0f-d18c2321e744/resourceGroups/rg_linuxhcmusdemo/providers/Microsoft.Network/virtualNetworks/vm-vn/subnets/subnetofvm"
              }
            ],
            "ip_forwarding_enabled": false,
            "location": "australiaeast",
            "mac_address": "",
            "name": "nic-2",
            "private_ip_address": "10.0.1.4",
            "private_ip_addresses": [
              "10.0.1.4"
            ],
            "resource_group_name": "rg_linuxhcmusdemo",
            "tags": null,
            "timeouts": null,
            "virtual_machine_id": ""
          },
          "sensitive_attributes": [],
          "private": "eyJlMmJmYjczMC1lY2FhLTExZTYtOGY4OC0zNDM2M2JjN2M0YzAiOnsiY3JlYXRlIjoxODAwMDAwMDAwMDAwLCJkZWxldGUiOjE4MDAwMDAwMDAwMDAsInJlYWQiOjMwMDAwMDAwMDAwMCwidXBkYXRlIjoxODAwMDAwMDAwMDAwfX0=",
          "dependencies": [
            "module.azure_public_ip_2.azurerm_public_ip.app_public_ip",
            "module.azurerm_subnet.azurerm_subnet.sub",
            "module.resources_group.azurerm_resource_group.rg",
            "module.virtual_network.azurerm_virtual_network.vmn"
          ]
        }
      ]
    },
    {
      "module": "module.azurerm_subnet",
      "mode": "managed",
      "type": "azurerm_subnet",
      "name": "sub",
      "provider": "provider[\"registry.terraform.io/hashicorp/azurerm\"]",
      "instances": [
        {
          "schema_version": 0,
          "attributes": {
            "address_prefixes": [
              "10.0.1.0/24"
            ],
            "default_outbound_access_enabled": true,
            "delegation": [],
            "id": "/subscriptions/ae41ecc2-573a-43fb-be0f-d18c2321e744/resourceGroups/rg_linuxhcmusdemo/providers/Microsoft.Network/virtualNetworks/vm-vn/subnets/subnetofvm",
            "name": "subnetofvm",
            "private_endpoint_network_policies": "Disabled",
            "private_link_service_network_policies_enabled": true,
            "resource_group_name": "rg_linuxhcmusdemo",
            "service_endpoint_policy_ids": null,
            "service_endpoints": null,
            "timeouts": null,
            "virtual_network_name": "vm-vn"
          },
          "sensitive_attributes": [],
          "private": "eyJlMmJmYjczMC1lY2FhLTExZTYtOGY4OC0zNDM2M2JjN2M0YzAiOnsiY3JlYXRlIjoxODAwMDAwMDAwMDAwLCJkZWxldGUiOjE4MDAwMDAwMDAwMDAsInJlYWQiOjMwMDAwMDAwMDAwMCwidXBkYXRlIjoxODAwMDAwMDAwMDAwfX0=",
          "dependencies": [
            "module.resources_group.azurerm_resource_group.rg",
            "module.virtual_network.azurerm_virtual_network.vmn"
          ]
        }
      ]
    },
    {
      "module": "module.nic_association_1",
      "mode": "managed",
      "type": "azurerm_network_interface_security_group_association",
      "name": "this",
      "provider": "provider[\"registry.terraform.io/hashicorp/azurerm\"]",
      "instances": [
        {
          "schema_version": 0,
          "attributes": {
            "id": "/subscriptions/ae41ecc2-573a-43fb-be0f-d18c2321e744/resourceGroups/rg_linuxhcmusdemo/providers/Microsoft.Network/networkInterfaces/nic-1|/subscriptions/ae41ecc2-573a-43fb-be0f-d18c2321e744/resourceGroups/rg_linuxhcmusdemo/providers/Microsoft.Network/networkSecurityGroups/vm-nsg",
            "network_interface_id": "/subscriptions/ae41ecc2-573a-43fb-be0f-d18c2321e744/resourceGroups/rg_linuxhcmusdemo/providers/Microsoft.Network/networkInterfaces/nic-1",
            "network_security_group_id": "/subscriptions/ae41ecc2-573a-43fb-be0f-d18c2321e744/resourceGroups/rg_linuxhcmusdemo/providers/Microsoft.Network/networkSecurityGroups/vm-nsg",
            "timeouts": null
          },
          "sensitive_attributes": [],
          "private": "eyJlMmJmYjczMC1lY2FhLTExZTYtOGY4OC0zNDM2M2JjN2M0YzAiOnsiY3JlYXRlIjoxODAwMDAwMDAwMDAwLCJkZWxldGUiOjE4MDAwMDAwMDAwMDAsInJlYWQiOjMwMDAwMDAwMDAwMH19",
          "dependencies": [
            "module.azure_public_ip_1.azurerm_public_ip.app_public_ip",
            "module.azurerm_network_interface_1.azurerm_network_interface.ni",
            "module.azurerm_subnet.azurerm_subnet.sub",
            "module.nsg.azurerm_network_security_group.this",
            "module.resources_group.azurerm_resource_group.rg",
            "module.virtual_network.azurerm_virtual_network.vmn"
          ]
        }
      ]
    },
    {
      "module": "module.nic_association_2",
      "mode": "managed",
      "type": "azurerm_network_interface_security_group_association",
      "name": "this",
      "provider": "provider[\"registry.terraform.io/hashicorp/azurerm\"]",
      "instances": [
        {
          "schema_version": 0,
          "attributes": {
            "id": "/subscriptions/ae41ecc2-573a-43fb-be0f-d18c2321e744/resourceGroups/rg_linuxhcmusdemo/providers/Microsoft.Network/networkInterfaces/nic-2|/subscriptions/ae41ecc2-573a-43fb-be0f-d18c2321e744/resourceGroups/rg_linuxhcmusdemo/providers/Microsoft.Network/networkSecurityGroups/vm-nsg",
            "network_interface_id": "/subscriptions/ae41ecc2-573a-43fb-be0f-d18c2321e744/resourceGroups/rg_linuxhcmusdemo/providers/Microsoft.Network/networkInterfaces/nic-2",
            "network_security_group_id": "/subscriptions/ae41ecc2-573a-43fb-be0f-d18c2321e744/resourceGroups/rg_linuxhcmusdemo/providers/Microsoft.Network/networkSecurityGroups/vm-nsg",
            "timeouts": null
          },
          "sensitive_attributes": [],
          "private": "eyJlMmJmYjczMC1lY2FhLTExZTYtOGY4OC0zNDM2M2JjN2M0YzAiOnsiY3JlYXRlIjoxODAwMDAwMDAwMDAwLCJkZWxldGUiOjE4MDAwMDAwMDAwMDAsInJlYWQiOjMwMDAwMDAwMDAwMH19",
          "dependencies": [
            "module.azure_public_ip_2.azurerm_public_ip.app_public_ip",
            "module.azurerm_network_interface_2.azurerm_network_interface.ni",
            "module.azurerm_subnet.azurerm_subnet.sub",
            "module.nsg.azurerm_network_security_group.this",
            "module.resources_group.azurerm_resource_group.rg",
            "module.virtual_network.azurerm_virtual_network.vmn"
          ]
        }
      ]
    },
    {
      "module": "module.nsg",
      "mode": "managed",
      "type": "azurerm_network_security_group",
      "name": "this",
      "provider": "provider[\"registry.terraform.io/hashicorp/azurerm\"]",
      "instances": [
        {
          "schema_version": 0,
          "attributes": {
            "id": "/subscriptions/ae41ecc2-573a-43fb-be0f-d18c2321e744/resourceGroups/rg_linuxhcmusdemo/providers/Microsoft.Network/networkSecurityGroups/vm-nsg",
            "location": "australiaeast",
            "name": "vm-nsg",
            "resource_group_name": "rg_linuxhcmusdemo",
            "security_rule": [
              {
                "access": "Allow",
                "description": "",
                "destination_address_prefix": "*",
                "destination_address_prefixes": [],
                "destination_application_security_group_ids": [],
                "destination_port_range": "10250",
                "destination_port_ranges": [],
                "direction": "Inbound",
                "name": "Allow-Kubernetessss",
                "priority": 110,
                "protocol": "Tcp",
                "source_address_prefix": "*",
                "source_address_prefixes": [],
                "source_application_security_group_ids": [],
                "source_port_range": "*",
                "source_port_ranges": []
              },
              {
                "access": "Allow",
                "description": "",
                "destination_address_prefix": "*",
                "destination_address_prefixes": [],
                "destination_application_security_group_ids": [],
                "destination_port_range": "10251",
                "destination_port_ranges": [],
                "direction": "Inbound",
                "name": "Allow-Kubernetesss",
                "priority": 107,
                "protocol": "Tcp",
                "source_address_prefix": "*",
                "source_address_prefixes": [],
                "source_application_security_group_ids": [],
                "source_port_range": "*",
                "source_port_ranges": []
              },
              {
                "access": "Allow",
                "description": "",
                "destination_address_prefix": "*",
                "destination_address_prefixes": [],
                "destination_application_security_group_ids": [],
                "destination_port_range": "10252",
                "destination_port_ranges": [],
                "direction": "Inbound",
                "name": "Allow-Kubernetess",
                "priority": 106,
                "protocol": "Tcp",
                "source_address_prefix": "*",
                "source_address_prefixes": [],
                "source_application_security_group_ids": [],
                "source_port_range": "*",
                "source_port_ranges": []
              },
              {
                "access": "Allow",
                "description": "",
                "destination_address_prefix": "*",
                "destination_address_prefixes": [],
                "destination_application_security_group_ids": [],
                "destination_port_range": "22",
                "destination_port_ranges": [],
                "direction": "Inbound",
                "name": "Allow-SSH",
                "priority": 100,
                "protocol": "Tcp",
                "source_address_prefix": "*",
                "source_address_prefixes": [],
                "source_application_security_group_ids": [],
                "source_port_range": "*",
                "source_port_ranges": []
              },
              {
                "access": "Allow",
                "description": "",
                "destination_address_prefix": "*",
                "destination_address_prefixes": [],
                "destination_application_security_group_ids": [],
                "destination_port_range": "2379",
                "destination_port_ranges": [],
                "direction": "Inbound",
                "name": "Allow-Kubernetes-ab",
                "priority": 103,
                "protocol": "Tcp",
                "source_address_prefix": "*",
                "source_address_prefixes": [],
                "source_application_security_group_ids": [],
                "source_port_range": "*",
                "source_port_ranges": []
              },
              {
                "access": "Allow",
                "description": "",
                "destination_address_prefix": "*",
                "destination_address_prefixes": [],
                "destination_application_security_group_ids": [],
                "destination_port_range": "2380",
                "destination_port_ranges": [],
                "direction": "Inbound",
                "name": "Allow-Kubernetess-a",
                "priority": 104,
                "protocol": "Tcp",
                "source_address_prefix": "*",
                "source_address_prefixes": [],
                "source_application_security_group_ids": [],
                "source_port_range": "*",
                "source_port_ranges": []
              },
              {
                "access": "Allow",
                "description": "",
                "destination_address_prefix": "*",
                "destination_address_prefixes": [],
                "destination_application_security_group_ids": [],
                "destination_port_range": "6443",
                "destination_port_ranges": [],
                "direction": "Inbound",
                "name": "Allow-Kubernetes",
                "priority": 101,
                "protocol": "Tcp",
                "source_address_prefix": "*",
                "source_address_prefixes": [],
                "source_application_security_group_ids": [],
                "source_port_range": "*",
                "source_port_ranges": []
              },
              {
                "access": "Allow",
                "description": "",
                "destination_address_prefix": "*",
                "destination_address_prefixes": [],
                "destination_application_security_group_ids": [],
                "destination_port_range": "6443",
                "destination_port_ranges": [],
                "direction": "Outbound",
                "name": "Allow-Kubernetes-Outbound",
                "priority": 102,
                "protocol": "Tcp",
                "source_address_prefix": "*",
                "source_address_prefixes": [],
                "source_application_security_group_ids": [],
                "source_port_range": "*",
                "source_port_ranges": []
              }
            ],
            "tags": {},
            "timeouts": null
          },
          "sensitive_attributes": [],
          "private": "eyJlMmJmYjczMC1lY2FhLTExZTYtOGY4OC0zNDM2M2JjN2M0YzAiOnsiY3JlYXRlIjoxODAwMDAwMDAwMDAwLCJkZWxldGUiOjE4MDAwMDAwMDAwMDAsInJlYWQiOjMwMDAwMDAwMDAwMCwidXBkYXRlIjoxODAwMDAwMDAwMDAwfX0=",
          "dependencies": [
            "module.resources_group.azurerm_resource_group.rg"
          ]
        }
      ]
    },
    {
      "module": "module.resources_group",
      "mode": "managed",
      "type": "azurerm_resource_group",
      "name": "rg",
      "provider": "provider[\"registry.terraform.io/hashicorp/azurerm\"]",
      "instances": [
        {
          "schema_version": 0,
          "attributes": {
            "id": "/subscriptions/ae41ecc2-573a-43fb-be0f-d18c2321e744/resourceGroups/rg_linuxhcmusdemo",
            "location": "australiaeast",
            "managed_by": "",
            "name": "rg_linuxhcmusdemo",
            "tags": {
              "project": "demojenkins"
            },
            "timeouts": null
          },
          "sensitive_attributes": [],
          "private": "eyJlMmJmYjczMC1lY2FhLTExZTYtOGY4OC0zNDM2M2JjN2M0YzAiOnsiY3JlYXRlIjo1NDAwMDAwMDAwMDAwLCJkZWxldGUiOjU0MDAwMDAwMDAwMDAsInJlYWQiOjMwMDAwMDAwMDAwMCwidXBkYXRlIjo1NDAwMDAwMDAwMDAwfX0="
        }
      ]
    },
    {
      "module": "module.virtual_network",
      "mode": "managed",
      "type": "azurerm_virtual_network",
      "name": "vmn",
      "provider": "provider[\"registry.terraform.io/hashicorp/azurerm\"]",
      "instances": [
        {
          "schema_version": 0,
          "attributes": {
            "address_space": [
              "10.0.0.0/16"
            ],
            "bgp_community": "",
            "ddos_protection_plan": [],
            "dns_servers": [],
            "edge_zone": "",
            "encryption": [],
            "flow_timeout_in_minutes": 0,
            "guid": "724a3b50-d81a-4b0f-89b2-f3b34ec87d7a",
            "id": "/subscriptions/ae41ecc2-573a-43fb-be0f-d18c2321e744/resourceGroups/rg_linuxhcmusdemo/providers/Microsoft.Network/virtualNetworks/vm-vn",
            "location": "australiaeast",
            "name": "vm-vn",
            "resource_group_name": "rg_linuxhcmusdemo",
            "subnet": [],
            "tags": {},
            "timeouts": null
          },
          "sensitive_attributes": [],
          "private": "eyJlMmJmYjczMC1lY2FhLTExZTYtOGY4OC0zNDM2M2JjN2M0YzAiOnsiY3JlYXRlIjoxODAwMDAwMDAwMDAwLCJkZWxldGUiOjE4MDAwMDAwMDAwMDAsInJlYWQiOjMwMDAwMDAwMDAwMCwidXBkYXRlIjoxODAwMDAwMDAwMDAwfX0=",
          "dependencies": [
            "module.resources_group.azurerm_resource_group.rg"
          ]
        }
      ]
    }
  ],
  "check_results": null
}
